github.com/hugo-toha/toha/v4 v4.0.0-20230703065941-cd80fc9015a6 h1:MCSpzKY5w+sdbskTaaAtvDsKaLDBYcUnzeA2jCzlHQA=
github.com/hugo-toha/toha/v4 v4.0.0-20230703065941-cd80fc9015a6/go.mod h1:p/K34lqlqmhzfPd4cx66od7sjlROBqhMxG30mJz+aKQ=
github.com/hugo-toha/toha/v4 v4.0.0-20230703161435-a128873f2099 h1:3KtgxqHpRIaZnFfQf+OQl2d7SB7L5kN3YgnmtIDNaZM=
github.com/hugo-toha/toha/v4 v4.0.0-20230703161435-a128873f2099/go.mod h1:p/K34lqlqmhzfPd4cx66od7sjlROBqhMxG30mJz+aKQ=
github.com/hugo-toha/toha/v4 v4.0.0-20230704072803-5372e856d72b h1:zCPbFvEqqgbi5K57GQB4HBCnvl+gK5zIFspTKi/VEAY=
github.com/hugo-toha/toha/v4 v4.0.0-20230704072803-5372e856d72b/go.mod h1:p/K34lqlqmhzfPd4cx66od7sjlROBqhMxG30mJz+aKQ=
